
Microsoft Visual Studio Solution File, Format Version 12.00
# Visual Studio Version 17
VisualStudioVersion = 17.3.32819.101
MinimumVisualStudioVersion = 10.0.40219.1
Project("{8BC9CEB8-8B4A-11D0-8D11-00A0C91BC942}") = "lab_6.2", "lab_6.2.vcxproj", "{015A81B3-8AB0-4DAE-96E6-78D15F21ED66}"
EndProject
Global
	GlobalSection(SolutionConfigurationPlatforms) = preSolution
		Debug|x64 = Debug|x64
		Debug|x86 = Debug|x86
		Release|x64 = Release|x64
		Release|x86 = Release|x86
	EndGlobalSection
	GlobalSection(ProjectConfigurationPlatforms) = postSolution
		{015A81B3-8AB0-4DAE-96E6-78D15F21ED66}.Debug|x64.ActiveCfg = Debug|x64
		{015A81B3-8AB0-4DAE-96E6-78D15F21ED66}.Debug|x64.Build.0 = Debug|x64
		{015A81B3-8AB0-4DAE-96E6-78D15F21ED66}.Debug|x86.ActiveCfg = Debug|Win32
		{015A81B3-8AB0-4DAE-96E6-78D15F21ED66}.Debug|x86.Build.0 = Debug|Win32
		{015A81B3-8AB0-4DAE-96E6-78D15F21ED66}.Release|x64.ActiveCfg = Release|x64
		{015A81B3-8AB0-4DAE-96E6-78D15F21ED66}.Release|x64.Build.0 = Release|x64
		{015A81B3-8AB0-4DAE-96E6-78D15F21ED66}.Release|x86.ActiveCfg = Release|Win32
		{015A81B3-8AB0-4DAE-96E6-78D15F21ED66}.Release|x86.Build.0 = Release|Win32
	EndGlobalSection
	GlobalSection(SolutionProperties) = preSolution
		HideSolutionNode = FALSE
	EndGlobalSection
	GlobalSection(ExtensibilityGlobals) = postSolution
		SolutionGuid = {5421F03F-464F-4743-A6B1-5E1F4A282650}
	EndGlobalSection
EndGlobal
